{
    "_readme": [
        "This file locks the dependencies of your project to a known state",
        "Read more about it at https://getcomposer.org/doc/01-basic-usage.md#composer-lock-the-lock-file",
        "This file is @generated automatically"
    ],
    "content-hash": "c99db81d720eda6cc3f5ac29523338e4",
    "packages": [
        {
            "name": "erusev/parsedown",
            "version": "1.6.2",
            "source": {
                "type": "git",
                "url": "https://github.com/erusev/parsedown.git",
                "reference": "1bf24f7334fe16c88bf9d467863309ceaf285b01"
            },
            "dist": {
                "type": "zip",
                "url": "https://api.github.com/repos/erusev/parsedown/zipball/1bf24f7334fe16c88bf9d467863309ceaf285b01",
                "reference": "1bf24f7334fe16c88bf9d467863309ceaf285b01",
                "shasum": ""
            },
            "require": {
                "php": ">=5.3.0"
            },
            "type": "library",
            "autoload": {
                "psr-0": {
                    "Parsedown": ""
                }
            },
            "notification-url": "https://packagist.org/downloads/",
            "license": [
                "MIT"
            ],
            "authors": [
                {
                    "name": "Emanuil Rusev",
                    "email": "hello@erusev.com",
                    "homepage": "http://erusev.com"
                }
            ],
            "description": "Parser for Markdown.",
            "homepage": "http://parsedown.org",
            "keywords": [
                "markdown",
                "parser"
            ],
            "time": "2017-03-29T16:04:15+00:00"
        },
        {
            "name": "latte/latte",
            "version": "dev-master",
            "source": {
                "type": "git",
                "url": "https://github.com/nette/latte.git",
                "reference": "d30c0745110bfa60a158a788e3609d4325ef5243"
            },
            "dist": {
                "type": "zip",
                "url": "https://api.github.com/repos/nette/latte/zipball/d30c0745110bfa60a158a788e3609d4325ef5243",
                "reference": "d30c0745110bfa60a158a788e3609d4325ef5243",
                "shasum": ""
            },
            "require": {
                "ext-json": "*",
                "ext-tokenizer": "*",
                "php": ">=7.0"
            },
            "conflict": {
                "nette/application": "<2.4.1"
            },
            "require-dev": {
                "nette/tester": "~2.0",
                "tracy/tracy": "^2.3"
            },
            "suggest": {
                "ext-fileinfo": "to use filter |datastream",
                "ext-mbstring": "to use filters like lower, upper, capitalize, ..."
            },
            "type": "library",
            "extra": {
                "branch-alias": {
                    "dev-master": "3.0-dev"
                }
            },
            "autoload": {
                "classmap": [
                    "src/"
                ]
            },
            "notification-url": "https://packagist.org/downloads/",
            "license": [
                "BSD-3-Clause",
                "GPL-2.0",
                "GPL-3.0"
            ],
            "authors": [
                {
                    "name": "David Grudl",
                    "homepage": "https://davidgrudl.com"
                },
                {
                    "name": "Nette Community",
                    "homepage": "https://nette.org/contributors"
                }
            ],
            "description": "☕ Latte: the intuitive and fast template engine for those who want the most secure PHP sites. Introduces context-sensitive escaping.",
            "homepage": "https://latte.nette.org",
            "keywords": [
                "context-sensitive",
                "engine",
                "escaping",
                "html",
                "nette",
                "security",
                "template",
                "twig"
            ],
            "time": "2017-05-23 11:19:51"
        },
        {
            "name": "nette/application",
            "version": "dev-master",
            "source": {
                "type": "git",
                "url": "https://github.com/nette/application.git",
                "reference": "a8d5d0771c8879dfe94a15ae8e203415213af61b"
            },
            "dist": {
                "type": "zip",
                "url": "https://api.github.com/repos/nette/application/zipball/a8d5d0771c8879dfe94a15ae8e203415213af61b",
                "reference": "a8d5d0771c8879dfe94a15ae8e203415213af61b",
                "shasum": ""
            },
            "require": {
                "nette/component-model": "^3.0",
                "nette/http": "^3.0",
                "nette/utils": "^2.4 || ^3.0",
                "php": ">=7.1"
            },
            "conflict": {
                "nette/di": "<2.4",
                "nette/forms": "<3.0",
                "nette/latte": "<3.0",
                "nette/nette": "<2.2"
            },
            "require-dev": {
                "latte/latte": "^3.0",
                "mockery/mockery": "^1.0",
                "nette/di": "^2.4 || ~3.0.0",
                "nette/forms": "^3.0",
                "nette/robot-loader": "^2.4.2 || ^3.0",
                "nette/security": "^3.0",
                "nette/tester": "^2.0",
                "tracy/tracy": "^2.4"
            },
            "suggest": {
                "latte/latte": "Allows using Latte in templates",
                "nette/forms": "Allows to use Nette\\Application\\UI\\Form"
            },
            "type": "library",
            "extra": {
                "branch-alias": {
                    "dev-master": "3.0-dev"
                }
            },
            "autoload": {
                "classmap": [
                    "src/"
                ],
                "files": [
                    "src/compatibility.php"
                ]
            },
            "notification-url": "https://packagist.org/downloads/",
            "license": [
                "BSD-3-Clause",
                "GPL-2.0",
                "GPL-3.0"
            ],
            "authors": [
                {
                    "name": "David Grudl",
                    "homepage": "https://davidgrudl.com"
                },
                {
                    "name": "Nette Community",
                    "homepage": "https://nette.org/contributors"
                }
            ],
            "description": "🏆 A full-stack component-based MVC kernel for PHP that helps you write powerful and modern web applications. Write less, have cleaner code and your work will bring you joy.",
            "homepage": "https://nette.org",
            "keywords": [
                "Forms",
                "component-based",
                "control",
                "framework",
                "mvc",
                "mvp",
                "nette",
                "presenter",
                "routing",
                "seo"
            ],
            "time": "2017-05-23 11:59:53"
        },
        {
            "name": "nette/bootstrap",
            "version": "dev-master",
            "source": {
                "type": "git",
                "url": "https://github.com/nette/bootstrap.git",
                "reference": "fc7d088304f1ceb744d1b909a64e5b37909367c7"
            },
            "dist": {
                "type": "zip",
                "url": "https://api.github.com/repos/nette/bootstrap/zipball/fc7d088304f1ceb744d1b909a64e5b37909367c7",
                "reference": "fc7d088304f1ceb744d1b909a64e5b37909367c7",
                "shasum": ""
            },
            "require": {
                "nette/di": "^2.4.7 || ^3.0",
                "nette/utils": "^2.4 || ^3.0",
                "php": ">=7.1"
            },
            "conflict": {
                "nette/nette": "<2.2"
            },
            "require-dev": {
                "latte/latte": "^2.2",
                "nette/application": "^2.3 || ^3.0",
                "nette/caching": "^2.3 || ^3.0",
                "nette/database": "^2.3 || ^3.0",
                "nette/forms": "^2.3 || ^3.0",
                "nette/http": "^2.4.0 || ^3.0",
                "nette/mail": "^2.3 || ^3.0",
                "nette/robot-loader": "^2.4.2 || ^3.0",
                "nette/safe-stream": "^2.2",
                "nette/security": "^2.3 || ^3.0",
                "nette/tester": "^2.0",
                "tracy/tracy": "^2.4.1"
            },
            "suggest": {
                "nette/robot-loader": "to use Configurator::createRobotLoader()",
                "tracy/tracy": "to use Configurator::enableTracy()"
            },
            "type": "library",
            "extra": {
                "branch-alias": {
                    "dev-master": "3.0-dev"
                }
            },
            "autoload": {
                "classmap": [
                    "src/"
                ]
            },
            "notification-url": "https://packagist.org/downloads/",
            "license": [
                "BSD-3-Clause",
                "GPL-2.0",
                "GPL-3.0"
            ],
            "authors": [
                {
                    "name": "David Grudl",
                    "homepage": "https://davidgrudl.com"
                },
                {
                    "name": "Nette Community",
                    "homepage": "https://nette.org/contributors"
                }
            ],
            "description": "🅱 The simple way to configure and bootstrap your Nette application.",
            "homepage": "https://nette.org",
            "keywords": [
                "bootstrapping",
                "configurator",
                "nette"
            ],
            "time": "2017-03-14 17:57:32"
        },
        {
            "name": "nette/caching",
            "version": "dev-master",
            "source": {
                "type": "git",
                "url": "https://github.com/nette/caching.git",
                "reference": "5da1afb8186169876fadcd00a0cfe956b71f67ee"
            },
            "dist": {
                "type": "zip",
                "url": "https://api.github.com/repos/nette/caching/zipball/5da1afb8186169876fadcd00a0cfe956b71f67ee",
                "reference": "5da1afb8186169876fadcd00a0cfe956b71f67ee",
                "shasum": ""
            },
            "require": {
                "nette/finder": "^2.3 || ~3.0.0",
                "nette/utils": "^2.4 || ~3.0.0",
                "php": ">=7.1"
            },
            "conflict": {
                "nette/nette": "<2.2"
            },
            "require-dev": {
                "latte/latte": "^2.4",
                "nette/di": "^2.4 || ~3.0.0",
                "nette/tester": "^2.0",
                "tracy/tracy": "^2.4"
            },
            "suggest": {
                "ext-pdo_sqlite": "to use SQLiteStorage or SQLiteJournal"
            },
            "type": "library",
            "extra": {
                "branch-alias": {
                    "dev-master": "3.0-dev"
                }
            },
            "autoload": {
                "classmap": [
                    "src/"
                ]
            },
            "notification-url": "https://packagist.org/downloads/",
            "license": [
                "BSD-3-Clause",
                "GPL-2.0",
                "GPL-3.0"
            ],
            "authors": [
                {
                    "name": "David Grudl",
                    "homepage": "https://davidgrudl.com"
                },
                {
                    "name": "Nette Community",
                    "homepage": "https://nette.org/contributors"
                }
            ],
            "description": "⏱ Caching library with easy-to-use API and many cache backends.",
            "homepage": "https://nette.org",
            "keywords": [
                "cache",
                "journal",
                "memcached",
                "nette",
                "sqlite"
            ],
            "time": "2017-03-14 17:57:08"
        },
        {
            "name": "nette/component-model",
            "version": "dev-master",
            "source": {
                "type": "git",
                "url": "https://github.com/nette/component-model.git",
                "reference": "5cd82e36cb0bd3f83b8b86d7e9969ec8dc5818df"
            },
            "dist": {
                "type": "zip",
                "url": "https://api.github.com/repos/nette/component-model/zipball/5cd82e36cb0bd3f83b8b86d7e9969ec8dc5818df",
                "reference": "5cd82e36cb0bd3f83b8b86d7e9969ec8dc5818df",
                "shasum": ""
            },
            "require": {
                "nette/utils": "^2.4 || ~3.0.0",
                "php": ">=7.1"
            },
            "conflict": {
                "nette/application": "<2.4",
                "nette/nette": "<2.2"
            },
            "require-dev": {
                "nette/tester": "^2.0",
                "tracy/tracy": "^2.3"
            },
            "type": "library",
            "extra": {
                "branch-alias": {
                    "dev-master": "3.0-dev"
                }
            },
            "autoload": {
                "classmap": [
                    "src/"
                ]
            },
            "notification-url": "https://packagist.org/downloads/",
            "license": [
                "BSD-3-Clause",
                "GPL-2.0",
                "GPL-3.0"
            ],
            "authors": [
                {
                    "name": "David Grudl",
                    "homepage": "https://davidgrudl.com"
                },
                {
                    "name": "Nette Community",
                    "homepage": "https://nette.org/contributors"
                }
            ],
            "description": "⚛ Component model foundation for Nette",
            "homepage": "https://nette.org",
            "keywords": [
                "components",
                "nette"
            ],
            "time": "2017-03-14 17:56:37"
        },
        {
            "name": "nette/di",
            "version": "dev-master",
            "source": {
                "type": "git",
                "url": "https://github.com/nette/di.git",
                "reference": "29b3a56a2ed205f7f40828a718e83e4d527b6637"
            },
            "dist": {
                "type": "zip",
                "url": "https://api.github.com/repos/nette/di/zipball/29b3a56a2ed205f7f40828a718e83e4d527b6637",
                "reference": "29b3a56a2ed205f7f40828a718e83e4d527b6637",
                "shasum": ""
            },
            "require": {
                "ext-tokenizer": "*",
                "nette/neon": "^2.3.3 || ~3.0.0",
                "nette/php-generator": "^2.6.1 || ~3.0.0",
                "nette/utils": "^2.4.3 || ~3.0.0",
                "php": ">=7.0"
            },
            "conflict": {
                "nette/bootstrap": "<2.4",
                "nette/nette": "<2.2"
            },
            "require-dev": {
                "nette/tester": "^2.0",
                "tracy/tracy": "^2.3"
            },
            "type": "library",
            "extra": {
                "branch-alias": {
                    "dev-master": "3.0-dev"
                }
            },
            "autoload": {
                "classmap": [
                    "src/"
                ]
            },
            "notification-url": "https://packagist.org/downloads/",
            "license": [
                "BSD-3-Clause",
                "GPL-2.0",
                "GPL-3.0"
            ],
            "authors": [
                {
                    "name": "David Grudl",
                    "homepage": "https://davidgrudl.com"
                },
                {
                    "name": "Nette Community",
                    "homepage": "https://nette.org/contributors"
                }
            ],
            "description": "💎 Flexible, compiled and full-featured Dependency Injection Container with perfectly usable autowiring and support for all new PHP 7.1 features.",
            "homepage": "https://nette.org",
            "keywords": [
                "compiled",
                "di",
                "dic",
                "factory",
                "ioc",
                "nette",
                "static"
            ],
            "time": "2017-04-25 16:15:46"
        },
        {
            "name": "nette/finder",
            "version": "dev-master",
            "source": {
                "type": "git",
                "url": "https://github.com/nette/finder.git",
                "reference": "13f42b4d40c87557455232313b03413ad8e5e9d5"
            },
            "dist": {
                "type": "zip",
                "url": "https://api.github.com/repos/nette/finder/zipball/13f42b4d40c87557455232313b03413ad8e5e9d5",
                "reference": "13f42b4d40c87557455232313b03413ad8e5e9d5",
                "shasum": ""
            },
            "require": {
                "nette/utils": "^2.4 || ~3.0.0",
                "php": ">=7.0"
            },
            "conflict": {
                "nette/nette": "<2.2"
            },
            "require-dev": {
                "nette/tester": "^2.0",
                "tracy/tracy": "^2.3"
            },
            "type": "library",
            "extra": {
                "branch-alias": {
                    "dev-master": "3.0-dev"
                }
            },
            "autoload": {
                "classmap": [
                    "src/"
                ]
            },
            "notification-url": "https://packagist.org/downloads/",
            "license": [
                "BSD-3-Clause",
                "GPL-2.0",
                "GPL-3.0"
            ],
            "authors": [
                {
                    "name": "David Grudl",
                    "homepage": "https://davidgrudl.com"
                },
                {
                    "name": "Nette Community",
                    "homepage": "https://nette.org/contributors"
                }
            ],
            "description": "🔍 Finder: find files and directories with an intuitive API.",
            "homepage": "https://nette.org",
            "keywords": [
                "filesystem",
                "glob",
                "iterator",
                "nette"
            ],
            "time": "2017-03-05 23:29:27"
        },
        {
            "name": "nette/http",
            "version": "dev-master",
            "source": {
                "type": "git",
                "url": "https://github.com/nette/http.git",
                "reference": "9c580190b46e272bc64dc3fdbba1f9718d159717"
            },
            "dist": {
                "type": "zip",
                "url": "https://api.github.com/repos/nette/http/zipball/9c580190b46e272bc64dc3fdbba1f9718d159717",
                "reference": "9c580190b46e272bc64dc3fdbba1f9718d159717",
                "shasum": ""
            },
            "require": {
                "nette/utils": "^2.4 || ~3.0.0",
                "php": ">=7.1"
            },
            "conflict": {
                "nette/nette": "<2.2"
            },
            "require-dev": {
                "nette/di": "^2.4.6 || ~3.0.0",
                "nette/tester": "^2.0",
                "tracy/tracy": "^2.4"
            },
            "suggest": {
                "ext-fileinfo": "to detect type of uploaded files",
                "nette/security": "allows use Nette\\Http\\UserStorage"
            },
            "type": "library",
            "extra": {
                "branch-alias": {
                    "dev-master": "3.0-dev"
                }
            },
            "autoload": {
                "classmap": [
                    "src/"
                ]
            },
            "notification-url": "https://packagist.org/downloads/",
            "license": [
                "BSD-3-Clause",
                "GPL-2.0",
                "GPL-3.0"
            ],
            "authors": [
                {
                    "name": "David Grudl",
                    "homepage": "https://davidgrudl.com"
                },
                {
                    "name": "Nette Community",
                    "homepage": "https://nette.org/contributors"
                }
            ],
            "description": "🌐 Abstraction for HTTP request, response and session. Provides careful data sanitization and utility for URL and cookies manipulation.",
            "homepage": "https://nette.org",
            "keywords": [
                "cookies",
                "http",
                "nette",
                "proxy",
                "request",
                "response",
                "security",
                "session",
                "url"
            ],
            "time": "2017-03-29 13:06:02"
        },
        {
            "name": "nette/neon",
            "version": "dev-master",
            "source": {
                "type": "git",
                "url": "https://github.com/nette/neon.git",
                "reference": "cfea4c34b141f658423d5699a027ea8bfb8e0757"
            },
            "dist": {
                "type": "zip",
                "url": "https://api.github.com/repos/nette/neon/zipball/cfea4c34b141f658423d5699a027ea8bfb8e0757",
                "reference": "cfea4c34b141f658423d5699a027ea8bfb8e0757",
                "shasum": ""
            },
            "require": {
                "ext-iconv": "*",
                "ext-json": "*",
                "php": ">=7.0"
            },
            "require-dev": {
                "nette/tester": "^2.0",
                "tracy/tracy": "^2.3"
            },
            "type": "library",
            "extra": {
                "branch-alias": {
                    "dev-master": "3.0-dev"
                }
            },
            "autoload": {
                "classmap": [
                    "src/"
                ]
            },
            "notification-url": "https://packagist.org/downloads/",
            "license": [
                "BSD-3-Clause",
                "GPL-2.0",
                "GPL-3.0"
            ],
            "authors": [
                {
                    "name": "David Grudl",
                    "homepage": "https://davidgrudl.com"
                },
                {
                    "name": "Nette Community",
                    "homepage": "https://nette.org/contributors"
                }
            ],
            "description": "🍸 Encodes and decodes NEON file format.",
            "homepage": "http://ne-on.org",
            "keywords": [
                "export",
                "import",
                "neon",
                "nette",
                "yaml"
            ],
            "time": "2017-02-10 13:30:03"
        },
        {
            "name": "nette/php-generator",
            "version": "dev-master",
            "source": {
                "type": "git",
                "url": "https://github.com/nette/php-generator.git",
                "reference": "ced817cf1024b1d557b642f79fbd38cc8d7fc540"
            },
            "dist": {
                "type": "zip",
                "url": "https://api.github.com/repos/nette/php-generator/zipball/ced817cf1024b1d557b642f79fbd38cc8d7fc540",
                "reference": "ced817cf1024b1d557b642f79fbd38cc8d7fc540",
                "shasum": ""
            },
            "require": {
                "nette/utils": "^2.4.2 || ~3.0.0",
                "php": ">=7.0"
            },
            "conflict": {
                "nette/nette": "<2.2"
            },
            "require-dev": {
                "nette/tester": "^2.0",
                "tracy/tracy": "^2.3"
            },
            "type": "library",
            "extra": {
                "branch-alias": {
                    "dev-master": "3.0-dev"
                }
            },
            "autoload": {
                "classmap": [
                    "src/"
                ]
            },
            "notification-url": "https://packagist.org/downloads/",
            "license": [
                "BSD-3-Clause",
                "GPL-2.0",
                "GPL-3.0"
            ],
            "authors": [
                {
                    "name": "David Grudl",
                    "homepage": "https://davidgrudl.com"
                },
                {
                    "name": "Nette Community",
                    "homepage": "https://nette.org/contributors"
                }
            ],
            "description": "🐘 Generates neat PHP code for you. Supports new PHP 7.1 features.",
            "homepage": "https://nette.org",
            "keywords": [
                "code",
                "nette",
                "php",
                "scaffolding"
            ],
            "time": "2017-06-08 02:10:28"
        },
        {
            "name": "nette/utils",
            "version": "dev-master",
            "source": {
                "type": "git",
                "url": "https://github.com/nette/utils.git",
                "reference": "a3964580411c314e41ac4ab799fa5ce933e12983"
            },
            "dist": {
                "type": "zip",
                "url": "https://api.github.com/repos/nette/utils/zipball/a3964580411c314e41ac4ab799fa5ce933e12983",
                "reference": "a3964580411c314e41ac4ab799fa5ce933e12983",
                "shasum": ""
            },
            "require": {
                "php": ">=7.0"
            },
            "conflict": {
                "nette/nette": "<2.2"
            },
            "require-dev": {
                "nette/tester": "~2.0",
                "tracy/tracy": "^2.3"
            },
            "suggest": {
                "ext-gd": "to use Image",
                "ext-iconv": "to use Strings::webalize() and toAscii()",
                "ext-intl": "for script transliteration in Strings::webalize() and toAscii()",
                "ext-json": "to use Nette\\Utils\\Json",
                "ext-mbstring": "to use Strings::lower() etc...",
                "ext-xml": "to use Strings::length() etc. when mbstring is not available"
            },
            "type": "library",
            "extra": {
                "branch-alias": {
                    "dev-master": "3.0-dev"
                }
            },
            "autoload": {
                "classmap": [
                    "src/"
                ]
            },
            "notification-url": "https://packagist.org/downloads/",
            "license": [
                "BSD-3-Clause",
                "GPL-2.0",
                "GPL-3.0"
            ],
            "authors": [
                {
                    "name": "David Grudl",
                    "homepage": "https://davidgrudl.com"
                },
                {
                    "name": "Nette Community",
                    "homepage": "https://nette.org/contributors"
                }
            ],
            "description": "🛠 Lightweight utilities for string & array manipulation, image handling, safe JSON encoding/decoding, validation, slug or strong password generating etc.",
            "homepage": "https://nette.org",
            "keywords": [
                "array",
                "core",
                "datetime",
                "images",
                "json",
                "nette",
                "paginator",
                "password",
                "slugify",
                "string",
                "unicode",
                "utf-8",
                "utility",
                "validation"
            ],
            "time": "2017-05-09 09:59:33"
        },
        {
            "name": "tracy/tracy",
            "version": "dev-master",
            "source": {
                "type": "git",
                "url": "https://github.com/nette/tracy.git",
                "reference": "ae420152352bf66b56d23a4664203429a3aa1b09"
            },
            "dist": {
                "type": "zip",
                "url": "https://api.github.com/repos/nette/tracy/zipball/ae420152352bf66b56d23a4664203429a3aa1b09",
                "reference": "ae420152352bf66b56d23a4664203429a3aa1b09",
                "shasum": ""
            },
            "require": {
                "ext-json": "*",
                "ext-session": "*",
                "php": ">=5.4.4"
            },
            "require-dev": {
                "nette/di": "~2.3",
                "nette/tester": "~2.0"
            },
            "suggest": {
                "https://nette.org/donate": "Please support Tracy via a donation"
            },
            "type": "library",
            "extra": {
                "branch-alias": {
                    "dev-master": "2.4-dev"
                }
            },
            "autoload": {
                "classmap": [
                    "src"
                ],
                "files": [
                    "src/shortcuts.php"
                ]
            },
            "notification-url": "https://packagist.org/downloads/",
            "license": [
                "BSD-3-Clause",
                "GPL-2.0",
                "GPL-3.0"
            ],
            "authors": [
                {
                    "name": "David Grudl",
                    "homepage": "https://davidgrudl.com"
                },
                {
                    "name": "Nette Community",
                    "homepage": "https://nette.org/contributors"
                }
            ],
            "description": "😎 Tracy: the addictive tool to ease debugging PHP code for cool developers. Friendly design, logging, profiler, advanced features like debugging AJAX calls or CLI support. You will love it.",
            "homepage": "https://tracy.nette.org",
            "keywords": [
                "Xdebug",
                "debug",
                "debugger",
                "nette",
                "profiler"
            ],
            "time": "2017-06-08 02:13:13"
        },
        {
            "name": "vitkutny/version",
            "version": "dev-master",
            "source": {
                "type": "git",
                "url": "https://github.com/vitkutny/version.git",
                "reference": "8627df8909392c59c2c94414199527983fe6a0e1"
            },
            "dist": {
                "type": "zip",
                "url": "https://api.github.com/repos/vitkutny/version/zipball/8627df8909392c59c2c94414199527983fe6a0e1",
                "reference": "8627df8909392c59c2c94414199527983fe6a0e1",
                "shasum": ""
            },
            "require": {
                "nette/http": ">=2.0",
                "php": ">=7.0"
            },
            "suggest": {
                "nette/caching": "Caching support",
                "nette/di": "Register filter using extension"
            },
            "type": "library",
            "extra": {
                "extensions": {
                    "vitkutny.version": "VitKutny\\Version\\Extension"
                }
            },
            "autoload": {
                "psr-4": {
                    "VitKutny\\": "src/"
                }
            },
            "notification-url": "https://packagist.org/downloads/",
            "time": "2017-06-05 06:31:53"
        }
    ],
    "packages-dev": [
        {
            "name": "phpstan/phpstan-shim",
            "version": "dev-master",
            "source": {
                "type": "git",
                "url": "https://github.com/phpstan/phpstan-shim.git",
                "reference": "4feedea741f260d0cb23c56fdaf0f2150c3fcdb6"
            },
            "dist": {
                "type": "zip",
                "url": "https://api.github.com/repos/phpstan/phpstan-shim/zipball/4feedea741f260d0cb23c56fdaf0f2150c3fcdb6",
                "reference": "4feedea741f260d0cb23c56fdaf0f2150c3fcdb6",
                "shasum": ""
            },
            "require": {
                "php": "~7.0"
            },
            "provide": {
                "phpstan/phpstan": "0.7"
            },
            "bin": [
                "phpstan.phar"
            ],
            "type": "library",
            "extra": {
                "branch-alias": {
                    "dev-master": "0.7-dev"
                }
            },
            "notification-url": "https://packagist.org/downloads/",
            "license": [
                "MIT"
            ],
            "description": "PHPStan Phar distribution",
            "time": "2017-05-14 20:57:40"
        }
    ],
    "aliases": [],
    "minimum-stability": "dev",
    "stability-flags": {
        "vitkutny/version": 20
    },
    "prefer-stable": false,
    "prefer-lowest": false,
    "platform": {
        "php": ">=7.1"
    },
    "platform-dev": []
}
